[[dependencies]]
name = "@openzeppelin-contracts"
version = "5.4.0"
url = "https://soldeer-revisions.s3.amazonaws.com/@openzeppelin-contracts/5_4_0_19-07-2025_08:59:41_contracts.zip"
checksum = "3dd38f17610dba4602bd008ee2cb551e51e97d7b4ce04e1ffdf853da832942fa"
integrity = "4eb0ef219d10ab5a5708adaae1132dc0a93ab6a193378486e842d606c989ff3e"

[[dependencies]]
name = "@uniswap-universal-router"
version = "2.0.0"
url = "https://soldeer-revisions.s3.amazonaws.com/@uniswap-universal-router/2_0_0_12-02-2025_17:38:08_universal-router.zip"
checksum = "d3533879c7de40c73fb390af04b096929ac0b3dbe535282a8225e799cea0c64e"
integrity = "2df833e1e402ec836a2e591d8ac4ae7123b87d0e53598534ce00fff1c357f1d6"

[[dependencies]]
name = "@uniswap-v3-core"
version = "1.0.2-solc-0.8-simulate"
url = "https://soldeer-revisions.s3.amazonaws.com/@uniswap-v3-core/1_0_2-solc-0_8-simulate_22-01-2024_13:19:54_v3-core.zip"
checksum = "68949c67a4f22044e4c8dc716362b6d79b07e8990e720bec9b116f54b233ef57"
integrity = "697a089ffe197580b6cfe07f0c4dd8a35da0836fd1d9e522f73efda4b7314e01"

[[dependencies]]
name = "@uniswap-v3-periphery"
version = "1.4.4"
url = "https://soldeer-revisions.s3.amazonaws.com/@uniswap-v3-periphery/1_4_4_22-01-2024_13:20:51_v3-periphery.zip"
checksum = "f1ce151585a084bb3ec6fb9cbce4520924d41398c3ce8979169de6f7f70d6a81"
integrity = "e101a06117b3274cd21a3032fa9a55446e842dc0e0e1b0b25008e094a446c453"

[[dependencies]]
name = "forge-std"
version = "1.10.0"
url = "https://soldeer-revisions.s3.amazonaws.com/forge-std/1_10_0_02-08-2025_06:50:35_forge-std-1.10.zip"
checksum = "8cc59e92a7762c170c15f2102c4f3718106dfc78239978fe87c64f316740cc09"
integrity = "3fd441e2499c5cf04ef9b4126f52150a50dcef9cac1645ff7a955345e947cd04"

[[dependencies]]
name = "smartcontractkit-chainlink"
version = "2.25.0"
url = "https://soldeer-revisions.s3.amazonaws.com/smartcontractkit-chainlink/2_25_0_11-07-2025_08:43:57_smartcontractkit-chainlink-2.25.zip"
checksum = "3a4ce5420ef92df6a72fb429e2d29a62d30a533c287ac7fafd3ddae635e2151d"
integrity = "112f9de491421a68eb0e17980b3d86eb02f615cedb553e68240cac36868c3ab8"
